
Microsoft Visual Studio Solution File, Format Version 12.00
# Visual Studio Version 17
VisualStudioVersion = 17.4.33213.308
MinimumVisualStudioVersion = 10.0.40219.1
Project("{FAE04EC0-301F-11D3-BF4B-00C04F79EFBC}") = "ObjectSerializer", "ObjectSerializer\ObjectSerializer.csproj", "{959E76FC-45B5-4076-A1FC-35B01F18EAEC}"
EndProject
Project("{FAE04EC0-301F-11D3-BF4B-00C04F79EFBC}") = "ObjectSerializerDemo", "ObjectSerializerDemo\ObjectSerializerDemo.csproj", "{E9BE74FC-0C76-437D-BE52-01C19AD3A65C}"
EndProject
Global
	GlobalSection(SolutionConfigurationPlatforms) = preSolution
		Debug|Any CPU = Debug|Any CPU
		Release|Any CPU = Release|Any CPU
	EndGlobalSection
	GlobalSection(ProjectConfigurationPlatforms) = postSolution
		{959E76FC-45B5-4076-A1FC-35B01F18EAEC}.Debug|Any CPU.ActiveCfg = Debug|Any CPU
		{959E76FC-45B5-4076-A1FC-35B01F18EAEC}.Debug|Any CPU.Build.0 = Debug|Any CPU
		{959E76FC-45B5-4076-A1FC-35B01F18EAEC}.Release|Any CPU.ActiveCfg = Release|Any CPU
		{959E76FC-45B5-4076-A1FC-35B01F18EAEC}.Release|Any CPU.Build.0 = Release|Any CPU
		{E9BE74FC-0C76-437D-BE52-01C19AD3A65C}.Debug|Any CPU.ActiveCfg = Debug|Any CPU
		{E9BE74FC-0C76-437D-BE52-01C19AD3A65C}.Debug|Any CPU.Build.0 = Debug|Any CPU
		{E9BE74FC-0C76-437D-BE52-01C19AD3A65C}.Release|Any CPU.ActiveCfg = Release|Any CPU
		{E9BE74FC-0C76-437D-BE52-01C19AD3A65C}.Release|Any CPU.Build.0 = Release|Any CPU
	EndGlobalSection
	GlobalSection(SolutionProperties) = preSolution
		HideSolutionNode = FALSE
	EndGlobalSection
	GlobalSection(ExtensibilityGlobals) = postSolution
		SolutionGuid = {D80D23F1-5C4F-47D1-9B72-7CE0CFD1F549}
	EndGlobalSection
EndGlobal
